{
  "name": "pagespeedinsights",
  "version": "1.0.0",
  "lockfileVersion": 1,
  "requires": true,
  "dependencies": {
    "@evolvable-by-design/pivo": {
      "version": "0.0.2",
      "resolved": "https://registry.npmjs.org/@evolvable-by-design/pivo/-/pivo-0.0.2.tgz",
      "integrity": "sha512-+azBiJpOi/RA1to871djKvwyUymKnsqNJkw20h+P1G7lO/hZDgEo1DK8c7Uedy4G82UgCW8nSJ2aalWm4jP38w=="
    },
    "axios": {
      "version": "0.20.0",
      "requires": {
        "follow-redirects": "^1.10.0"
      }
    },
    "follow-redirects": {
      "version": "1.13.0",
      "resolved": "https://registry.npmjs.org/follow-redirects/-/follow-redirects-1.13.0.tgz",
      "integrity": "sha512-aq6gF1BEKje4a9i9+5jimNFIpq4Q1WiwBToeRK5NvZBd/TRsmW8BsJfOEGkr76TbOyPVD3OVDN910EcUNtRYEA=="
    }
  }
}
